
Microsoft Visual Studio Solution File, Format Version 12.00
# Visual Studio Version 17
VisualStudioVersion = 17.13.35825.156 d17.13
MinimumVisualStudioVersion = 10.0.40219.1
Project("{FAE04EC0-301F-11D3-BF4B-00C04F79EFBC}") = "FRECELABK", "FRECELABK\FRECELABK.csproj", "{FC123003-AC82-466C-AE66-84C6E81A4ABD}"
EndProject
Global
	GlobalSection(SolutionConfigurationPlatforms) = preSolution
		Debug|Any CPU = Debug|Any CPU
		Release|Any CPU = Release|Any CPU
	EndGlobalSection
	GlobalSection(ProjectConfigurationPlatforms) = postSolution
		{FC123003-AC82-466C-AE66-84C6E81A4ABD}.Debug|Any CPU.ActiveCfg = Debug|Any CPU
		{FC123003-AC82-466C-AE66-84C6E81A4ABD}.Debug|Any CPU.Build.0 = Debug|Any CPU
		{FC123003-AC82-466C-AE66-84C6E81A4ABD}.Release|Any CPU.ActiveCfg = Release|Any CPU
		{FC123003-AC82-466C-AE66-84C6E81A4ABD}.Release|Any CPU.Build.0 = Release|Any CPU
	EndGlobalSection
	GlobalSection(SolutionProperties) = preSolution
		HideSolutionNode = FALSE
	EndGlobalSection
	GlobalSection(ExtensibilityGlobals) = postSolution
		SolutionGuid = {C90BE2E5-E2D4-48F1-8166-DE726ECD31FD}
	EndGlobalSection
EndGlobal
